// !$*UTF8*$!
{
	archiveVersion = 1;
	classes = {
	};
	objectVersion = 50;
	objects = {

/* Begin PBXBuildFile section */
		97FCAF4225B6A6520014404F /* AppDelegate.swift in Sources */ = {isa = PBXBuildFile; fileRef = 97FCAF4125B6A6520014404F /* AppDelegate.swift */; };
		97FCAF4425B6A6520014404F /* SceneDelegate.swift in Sources */ = {isa = PBXBuildFile; fileRef = 97FCAF4325B6A6520014404F /* SceneDelegate.swift */; };
		97FCAF4625B6A6520014404F /* ContentView.swift in Sources */ = {isa = PBXBuildFile; fileRef = 97FCAF4525B6A6520014404F /* ContentView.swift */; };
		97FCAF4825B6A6560014404F /* Assets.xcassets in Resources */ = {isa = PBXBuildFile; fileRef = 97FCAF4725B6A6560014404F /* Assets.xcassets */; };
		97FCAF4B25B6A6560014404F /* Preview Assets.xcassets in Resources */ = {isa = PBXBuildFile; fileRef = 97FCAF4A25B6A6560014404F /* Preview Assets.xcassets */; };
		97FCAF4E25B6A6560014404F /* LaunchScreen.storyboard in Resources */ = {isa = PBXBuildFile; fileRef = 97FCAF4C25B6A6560014404F /* LaunchScreen.storyboard */; };
/* End PBXBuildFile section */

/* Begin PBXFileReference section */
		97FCAF3E25B6A6520014404F /* circular_progress_ring.app */ = {isa = PBXFileReference; explicitFileType = wrapper.application; includeInIndex = 0; path = circular_progress_ring.app; sourceTree = BUILT_PRODUCTS_DIR; };
		97FCAF4125B6A6520014404F /* AppDelegate.swift */ = {isa = PBXFileReference; lastKnownFileType = sourcecode.swift; path = AppDelegate.swift; sourceTree = "<group>"; };
		97FCAF4325B6A6520014404F /* SceneDelegate.swift */ = {isa = PBXFileReference; lastKnownFileType = sourcecode.swift; path = SceneDelegate.swift; sourceTree = "<group>"; };
		97FCAF4525B6A6520014404F /* ContentView.swift */ = {isa = PBXFileReference; lastKnownFileType = sourcecode.swift; path = ContentView.swift; sourceTree = "<group>"; };
		97FCAF4725B6A6560014404F /* Assets.xcassets */ = {isa = PBXFileReference; lastKnownFileType = folder.assetcatalog; path = Assets.xcassets; sourceTree = "<group>"; };
		97FCAF4A25B6A6560014404F /* Preview Assets.xcassets */ = {isa = PBXFileReference; lastKnownFileType = folder.assetcatalog; path = "Preview Assets.xcassets"; sourceTree = "<group>"; };
		97FCAF4D25B6A6560014404F /* Base */ = {isa = PBXFileReference; lastKnownFileType = file.storyboard; name = Base; path = Base.lproj/LaunchScreen.storyboard; sourceTree = "<group>"; };
		97FCAF4F25B6A6560014404F /* Info.plist */ = {isa = PBXFileReference; lastKnownFileType = text.plist.xml; path = Info.plist; sourceTree = "<group>"; };
/* End PBXFileReference section */

/* Begin PBXFrameworksBuildPhase section */
		97FCAF3B25B6A6520014404F /* Frameworks */ = {
			isa = PBXFrameworksBuildPhase;
			buildActionMask = 2147483647;
			files = (
			);
			runOnlyForDeploymentPostprocessing = 0;
		};
/* End PBXFrameworksBuildPhase section */

/* Begin PBXGroup section */
		97FCAF3525B6A6520014404F = {
			isa = PBXGroup;
			children = (
				97FCAF4025B6A6520014404F /* circular_progress_ring */,
				97FCAF3F25B6A6520014404F /* Products */,
			);
			sourceTree = "<group>";
		};
		97FCAF3F25B6A6520014404F /* Products */ = {
			isa = PBXGroup;
			children = (
				97FCAF3E25B6A6520014404F /* circular_progress_ring.app */,
			);
			name = Products;
			sourceTree = "<group>";
		};
		97FCAF4025B6A6520014404F /* circular_progress_ring */ = {
			isa = PBXGroup;
			children = (
				97FCAF4125B6A6520014404F /* AppDelegate.swift */,
				97FCAF4325B6A6520014404F /* SceneDelegate.swift */,
				97FCAF4525B6A6520014404F /* ContentView.swift */,
				97FCAF4725B6A6560014404F /* Assets.xcassets */,
				97FCAF4C25B6A6560014404F /* LaunchScreen.storyboard */,
				97FCAF4F25B6A6560014404F /* Info.plist */,
				97FCAF4925B6A6560014404F /* Preview Content */,
			);
			path = circular_progress_ring;
			sourceTree = "<group>";
		};
		97FCAF4925B6A6560014404F /* Preview Content */ = {
			isa = PBXGroup;
			children = (
				97FCAF4A25B6A6560014404F /* Preview Assets.xcassets */,
			);
			path = "Preview Content";
			sourceTree = "<group>";
		};
/* End PBXGroup section */

/* Begin PBXNativeTarget section */
		97FCAF3D25B6A6520014404F /* circular_progress_ring */ = {
			isa = PBXNativeTarget;
			buildConfigurationList = 97FCAF5225B6A6560014404F /* Build configuration list for PBXNativeTarget "circular_progress_ring" */;
			buildPhases = (
				97FCAF3A25B6A6520014404F /* Sources */,
				97FCAF3B25B6A6520014404F /* Frameworks */,
				97FCAF3C25B6A6520014404F /* Resources */,
			);
			buildRules = (
			);
			dependencies = (
			);
			name = circular_progress_ring;
			productName = circular_progress_ring;
			productReference = 97FCAF3E25B6A6520014404F /* circular_progress_ring.app */;
			productType = "com.apple.product-type.application";
		};
/* End PBXNativeTarget section */

/* Begin PBXProject section */
		97FCAF3625B6A6520014404F /* Project object */ = {
			isa = PBXProject;
			attributes = {
				LastSwiftUpdateCheck = 1230;
				LastUpgradeCheck = 1230;
				TargetAttributes = {
					97FCAF3D25B6A6520014404F = {
						CreatedOnToolsVersion = 12.3;
					};
				};
			};
			buildConfigurationList = 97FCAF3925B6A6520014404F /* Build configuration list for PBXProject "circular_progress_ring" */;
			compatibilityVersion = "Xcode 9.3";
			developmentRegion = en;
			hasScannedForEncodings = 0;
			knownRegions = (
				en,
				Base,
			);
			mainGroup = 97FCAF3525B6A6520014404F;
			productRefGroup = 97FCAF3F25B6A6520014404F /* Products */;
			projectDirPath = "";
			projectRoot = "";
			targets = (
				97FCAF3D25B6A6520014404F /* circular_progress_ring */,
			);
		};
/* End PBXProject section */

/* Begin PBXResourcesBuildPhase section */
		97FCAF3C25B6A6520014404F /* Resources */ = {
			isa = PBXResourcesBuildPhase;
			buildActionMask = 2147483647;
			files = (
				97FCAF4E25B6A6560014404F /* LaunchScreen.storyboard in Resources */,
				97FCAF4B25B6A6560014404F /* Preview Assets.xcassets in Resources */,
				97FCAF4825B6A6560014404F /* Assets.xcassets in Resources */,
			);
			runOnlyForDeploymentPostprocessing = 0;
		};
/* End PBXResourcesBuildPhase section */

/* Begin PBXSourcesBuildPhase section */
		97FCAF3A25B6A6520014404F /* Sources */ = {
			isa = PBXSourcesBuildPhase;
			buildActionMask = 2147483647;
			files = (
				97FCAF4225B6A6520014404F /* AppDelegate.swift in Sources */,
				97FCAF4425B6A6520014404F /* SceneDelegate.swift in Sources */,
				97FCAF4625B6A6520014404F /* ContentView.swift in Sources */,
			);
			runOnlyForDeploymentPostprocessing = 0;
		};
/* End PBXSourcesBuildPhase section */

/* Begin PBXVariantGroup section */
		97FCAF4C25B6A6560014404F /* LaunchScreen.storyboard */ = {
			isa = PBXVariantGroup;
			children = (
				97FCAF4D25B6A6560014404F /* Base */,
			);
			name = LaunchScreen.storyboard;
			sourceTree = "<group>";
		};
/* End PBXVariantGroup section */

/* Begin XCBuildConfiguration section */
		97FCAF5025B6A6560014404F /* Debug */ = {
			isa = XCBuildConfiguration;
			buildSettings = {
				ALWAYS_SEARCH_USER_PATHS = NO;
				CLANG_ANALYZER_NONNULL = YES;
				CLANG_ANALYZER_NUMBER_OBJECT_CONVERSION = YES_AGGRESSIVE;
				CLANG_CXX_LANGUAGE_STANDARD = "gnu++14";
				CLANG_CXX_LIBRARY = "libc++";
				CLANG_ENABLE_MODULES = YES;
				CLANG_ENABLE_OBJC_ARC = YES;
				CLANG_ENABLE_OBJC_WEAK = YES;
				CLANG_WARN_BLOCK_CAPTURE_AUTORELEASING = YES;
				CLANG_WARN_BOOL_CONVERSION = YES;
				CLANG_WARN_COMMA = YES;
				CLANG_WARN_CONSTANT_CONVERSION = YES;
				CLANG_WARN_DEPRECATED_OBJC_IMPLEMENTATIONS = YES;
				CLANG_WARN_DIRECT_OBJC_ISA_USAGE = YES_ERROR;
				CLANG_WARN_DOCUMENTATION_COMMENTS = YES;
				CLANG_WARN_EMPTY_BODY = YES;
				CLANG_WARN_ENUM_CONVERSION = YES;
				CLANG_WARN_INFINITE_RECURSION = YES;
				CLANG_WARN_INT_CONVERSION = YES;
				CLANG_WARN_NON_LITERAL_NULL_CONVERSION = YES;
				CLANG_WARN_OBJC_IMPLICIT_RETAIN_SELF = YES;
				CLANG_WARN_OBJC_LITERAL_CONVERSION = YES;
				CLANG_WARN_OBJC_ROOT_CLASS = YES_ERROR;
				CLANG_WARN_QUOTED_INCLUDE_IN_FRAMEWORK_HEADER = YES;
				CLANG_WARN_RANGE_LOOP_ANALYSIS = YES;
				CLANG_WARN_STRICT_PROTOTYPES = YES;
				CLANG_WARN_SUSPICIOUS_MOVE = YES;
				CLANG_WARN_UNGUARDED_AVAILABILITY = YES_AGGRESSIVE;
				CLANG_WARN_UNREACHABLE_CODE = YES;
				CLANG_WARN__DUPLICATE_METHOD_MATCH = YES;
				COPY_PHASE_STRIP = NO;
				DEBUG_INFORMATION_FORMAT = dwarf;
				ENABLE_STRICT_OBJC_MSGSEND = YES;
				ENABLE_TESTABILITY = YES;
				GCC_C_LANGUAGE_STANDARD = gnu11;
				GCC_DYNAMIC_NO_PIC = NO;
				GCC_NO_COMMON_BLOCKS = YES;
				GCC_OPTIMIZATION_LEVEL = 0;
				GCC_PREPROCESSOR_DEFINITIONS = (
					"DEBUG=1",
					"$(inherited)",
				);
				GCC_WARN_64_TO_32_BIT_CONVERSION = YES;
				GCC_WARN_ABOUT_RETURN_TYPE = YES_ERROR;
				GCC_WARN_UNDECLARED_SELECTOR = YES;
				GCC_WARN_UNINITIALIZED_AUTOS = YES_AGGRESSIVE;
				GCC_WARN_UNUSED_FUNCTION = YES;
				GCC_WARN_UNUSED_VARIABLE = YES;
				IPHONEOS_DEPLOYMENT_TARGET = 14.3;
				MTL_ENABLE_DEBUG_INFO = INCLUDE_SOURCE;
				MTL_FAST_MATH = YES;
				ONLY_ACTIVE_ARCH = YES;
				SDKROOT = iphoneos;
				SWIFT_ACTIVE_COMPILATION_CONDITIONS = DEBUG;
				SWIFT_OPTIMIZATION_LEVEL = "-Onone";
			};
			name = Debug;
		};
		97FCAF5125B6A6560014404F /* Release */ = {
			isa = XCBuildConfiguration;
			buildSettings = {
				ALWAYS_SEARCH_USER_PATHS = NO;
				CLANG_ANALYZER_NONNULL = YES;
				CLANG_ANALYZER_NUMBER_OBJECT_CONVERSION = YES_AGGRESSIVE;
				CLANG_CXX_LANGUAGE_STANDARD = "gnu++14";
				CLANG_CXX_LIBRARY = "libc++";
				CLANG_ENABLE_MODULES = YES;
				CLANG_ENABLE_OBJC_ARC = YES;
				CLANG_ENABLE_OBJC_WEAK = YES;
				CLANG_WARN_BLOCK_CAPTURE_AUTORELEASING = YES;
				CLANG_WARN_BOOL_CONVERSION = YES;
				CLANG_WARN_COMMA = YES;
				CLANG_WARN_CONSTANT_CONVERSION = YES;
				CLANG_WARN_DEPRECATED_OBJC_IMPLEMENTATIONS = YES;
				CLANG_WARN_DIRECT_OBJC_ISA_USAGE = YES_ERROR;
				CLANG_WARN_DOCUMENTATION_COMMENTS = YES;
				CLANG_WARN_EMPTY_BODY = YES;
				CLANG_WARN_ENUM_CONVERSION = YES;
				CLANG_WARN_INFINITE_RECURSION = YES;
				CLANG_WARN_INT_CONVERSION = YES;
				CLANG_WARN_NON_LITERAL_NULL_CONVERSION = YES;
				CLANG_WARN_OBJC_IMPLICIT_RETAIN_SELF = YES;
				CLANG_WARN_OBJC_LITERAL_CONVERSION = YES;
				CLANG_WARN_OBJC_ROOT_CLASS = YES_ERROR;
				CLANG_WARN_QUOTED_INCLUDE_IN_FRAMEWORK_HEADER = YES;
				CLANG_WARN_RANGE_LOOP_ANALYSIS = YES;
				CLANG_WARN_STRICT_PROTOTYPES = YES;
				CLANG_WARN_SUSPICIOUS_MOVE = YES;
				CLANG_WARN_UNGUARDED_AVAILABILITY = YES_AGGRESSIVE;
				CLANG_WARN_UNREACHABLE_CODE = YES;
				CLANG_WARN__DUPLICATE_METHOD_MATCH = YES;
				COPY_PHASE_STRIP = NO;
				DEBUG_INFORMATION_FORMAT = "dwarf-with-dsym";
				ENABLE_NS_ASSERTIONS = NO;
				ENABLE_STRICT_OBJC_MSGSEND = YES;
				GCC_C_LANGUAGE_STANDARD = gnu11;
				GCC_NO_COMMON_BLOCKS = YES;
				GCC_WARN_64_TO_32_BIT_CONVERSION = YES;
				GCC_WARN_ABOUT_RETURN_TYPE = YES_ERROR;
				GCC_WARN_UNDECLARED_SELECTOR = YES;
				GCC_WARN_UNINITIALIZED_AUTOS = YES_AGGRESSIVE;
				GCC_WARN_UNUSED_FUNCTION = YES;
				GCC_WARN_UNUSED_VARIABLE = YES;
				IPHONEOS_DEPLOYMENT_TARGET = 14.3;
				MTL_ENABLE_DEBUG_INFO = NO;
				MTL_FAST_MATH = YES;
				SDKROOT = iphoneos;
				SWIFT_COMPILATION_MODE = wholemodule;
				SWIFT_OPTIMIZATION_LEVEL = "-O";
				VALIDATE_PRODUCT = YES;
			};
			name = Release;
		};
		97FCAF5325B6A6560014404F /* Debug */ = {
			isa = XCBuildConfiguration;
			buildSettings = {
				ASSETCATALOG_COMPILER_APPICON_NAME = AppIcon;
				ASSETCATALOG_COMPILER_GLOBAL_ACCENT_COLOR_NAME = AccentColor;
				CODE_SIGN_STYLE = Automatic;
				DEVELOPMENT_ASSET_PATHS = "\"circular_progress_ring/Preview Content\"";
				DEVELOPMENT_TEAM = Y4V72DVS6K;
				ENABLE_PREVIEWS = YES;
				INFOPLIST_FILE = circular_progress_ring/Info.plist;
				LD_RUNPATH_SEARCH_PATHS = (
					"$(inherited)",
					"@executable_path/Frameworks",
				);
				PRODUCT_BUNDLE_IDENTIFIER = "com.JeanYou.circular-progress-ring";
				PRODUCT_NAME = "$(TARGET_NAME)";
				SWIFT_VERSION = 5.0;
				TARGETED_DEVICE_FAMILY = "1,2";
			};
			name = Debug;
		};
		97FCAF5425B6A6560014404F /* Release */ = {
			isa = XCBuildConfiguration;
			buildSettings = {
				ASSETCATALOG_COMPILER_APPICON_NAME = AppIcon;
				ASSETCATALOG_COMPILER_GLOBAL_ACCENT_COLOR_NAME = AccentColor;
				CODE_SIGN_STYLE = Automatic;
				DEVELOPMENT_ASSET_PATHS = "\"circular_progress_ring/Preview Content\"";
				DEVELOPMENT_TEAM = Y4V72DVS6K;
				ENABLE_PREVIEWS = YES;
				INFOPLIST_FILE = circular_progress_ring/Info.plist;
				LD_RUNPATH_SEARCH_PATHS = (
					"$(inherited)",
					"@executable_path/Frameworks",
				);
				PRODUCT_BUNDLE_IDENTIFIER = "com.JeanYou.circular-progress-ring";
				PRODUCT_NAME = "$(TARGET_NAME)";
				SWIFT_VERSION = 5.0;
				TARGETED_DEVICE_FAMILY = "1,2";
			};
			name = Release;
		};
/* End XCBuildConfiguration section */

/* Begin XCConfigurationList section */
		97FCAF3925B6A6520014404F /* Build configuration list for PBXProject "circular_progress_ring" */ = {
			isa = XCConfigurationList;
			buildConfigurations = (
				97FCAF5025B6A6560014404F /* Debug */,
				97FCAF5125B6A6560014404F /* Release */,
			);
			defaultConfigurationIsVisible = 0;
			defaultConfigurationName = Release;
		};
		97FCAF5225B6A6560014404F /* Build configuration list for PBXNativeTarget "circular_progress_ring" */ = {
			isa = XCConfigurationList;
			buildConfigurations = (
				97FCAF5325B6A6560014404F /* Debug */,
				97FCAF5425B6A6560014404F /* Release */,
			);
			defaultConfigurationIsVisible = 0;
			defaultConfigurationName = Release;
		};
/* End XCConfigurationList section */
	};
	rootObject = 97FCAF3625B6A6520014404F /* Project object */;
}
